{
  "name": "rocql",
  "version": "0.0.1",
  "lockfileVersion": 3,
  "requires": true,
  "packages": {
    "": {
      "name": "rocql",
      "version": "0.0.1",
      "dependencies": {
        "frogql": "^0.2.6"
      },
      "devDependencies": {
        "@types/node": "^20.11.0",
        "@types/vscode": "^1.85.0",
        "typescript": "^5.4.0"
      },
      "engines": {
        "vscode": "^1.85.0"
      }
    },
    "node_modules/@types/node": {
      "version": "20.19.41",
      "resolved": "https://registry.npmjs.org/@types/node/-/node-20.19.41.tgz",
      "integrity": "sha512-ECymXOukMnOoVkC2bb1Vc/w/836DXncOg5m8Xj1RH7xSHZJWNYY6Zh7EH477vcnD5egKNNfy2RpNOmuChhFPgQ==",
      "dev": true,
      "license": "MIT",
      "dependencies": {
        "undici-types": "~6.21.0"
      }
    },
    "node_modules/@types/vscode": {
      "version": "1.120.0",
      "resolved": "https://registry.npmjs.org/@types/vscode/-/vscode-1.120.0.tgz",
      "integrity": "sha512-feaT4Rst+FkTch5zz/ZbNCxoIvo55YU80Be2kiL7OJcod4+CUYf2lUBPdIJzozNnSEMq1VRTGrWEcCGFB3fBmA==",
      "dev": true,
      "license": "MIT"
    },
    "node_modules/frogql": {
      "version": "0.2.6",
      "resolved": "https://registry.npmjs.org/frogql/-/frogql-0.2.6.tgz",
      "integrity": "sha512-+Ar/bCvasELK6/8OFC2U14Ff8ovakZ4qdl7DeOemVf4Vcsn4nyVOePTGG+Oc9ljNTGutRWCURXPDtip3vHl4Fg==",
      "license": "MIT",
      "engines": {
        "node": ">= 16"
      },
      "optionalDependencies": {
        "frogql-darwin-arm64": "0.2.6",
        "frogql-darwin-x64": "0.2.6",
        "frogql-linux-arm64-gnu": "0.2.6",
        "frogql-linux-x64-gnu": "0.2.6",
        "frogql-win32-x64-msvc": "0.2.6"
      }
    },
    "node_modules/frogql-darwin-arm64": {
      "version": "0.2.6",
      "resolved": "https://registry.npmjs.org/frogql-darwin-arm64/-/frogql-darwin-arm64-0.2.6.tgz",
      "integrity": "sha512-KZ3f95I1knwDa/rZbl6SUVP2uDT5g+ZwSMBiymQvKOzdOSK1wwHJseWNKTpF79qOd0WfKKlRZrDajnMNRhc/wA==",
      "cpu": [
        "arm64"
      ],
      "license": "MIT",
      "optional": true,
      "os": [
        "darwin"
      ],
      "engines": {
        "node": ">= 16"
      }
    },
    "node_modules/frogql-darwin-x64": {
      "version": "0.2.6",
      "resolved": "https://registry.npmjs.org/frogql-darwin-x64/-/frogql-darwin-x64-0.2.6.tgz",
      "integrity": "sha512-JWnblHiLmNtiQi2NFp8SBma74DKTzpliY7wILQeOhzZcSovgZHz1dvFLt41GWLsyhCDZvmiUwhwnJ6fWz5JAoA==",
      "cpu": [
        "x64"
      ],
      "license": "MIT",
      "optional": true,
      "os": [
        "darwin"
      ],
      "engines": {
        "node": ">= 16"
      }
    },
    "node_modules/frogql-linux-arm64-gnu": {
      "version": "0.2.6",
      "resolved": "https://registry.npmjs.org/frogql-linux-arm64-gnu/-/frogql-linux-arm64-gnu-0.2.6.tgz",
      "integrity": "sha512-FSj/VTaoE7+veSSp+A9FCRHqHO1YTUUopH8Ev9xkcFvP9QbdtgCV/Gn5kf9EdBaToANGlkeFlVnTn8TnnXSWig==",
      "cpu": [
        "arm64"
      ],
      "license": "MIT",
      "optional": true,
      "os": [
        "linux"
      ],
      "engines": {
        "node": ">= 16"
      }
    },
    "node_modules/frogql-linux-x64-gnu": {
      "version": "0.2.6",
      "resolved": "https://registry.npmjs.org/frogql-linux-x64-gnu/-/frogql-linux-x64-gnu-0.2.6.tgz",
      "integrity": "sha512-I539JtRVWAnp8E6/dTjdOf8ze206IVd2voYQChA65jc3FnYEpaK86okCMnlRbk8fwAHd52YnTWVEaZ7mhchrHw==",
      "cpu": [
        "x64"
      ],
      "license": "MIT",
      "optional": true,
      "os": [
        "linux"
      ],
      "engines": {
        "node": ">= 16"
      }
    },
    "node_modules/frogql-win32-x64-msvc": {
      "version": "0.2.6",
      "resolved": "https://registry.npmjs.org/frogql-win32-x64-msvc/-/frogql-win32-x64-msvc-0.2.6.tgz",
      "integrity": "sha512-TJ5Du50MpsnLaI7AIF2HttYLjR/px/rxfMv7H/ul2TSpFWgkBN5Q3c0tE9Pc5RdWHD1TgCe3hyXdO1pYV4b1HA==",
      "cpu": [
        "x64"
      ],
      "license": "MIT",
      "optional": true,
      "os": [
        "win32"
      ],
      "engines": {
        "node": ">= 16"
      }
    },
    "node_modules/typescript": {
      "version": "5.9.3",
      "resolved": "https://registry.npmjs.org/typescript/-/typescript-5.9.3.tgz",
      "integrity": "sha512-jl1vZzPDinLr9eUt3J/t7V6FgNEw9QjvBPdysz9KfQDD41fQrC2Y4vKQdiaUpFT4bXlb1RHhLpp8wtm6M5TgSw==",
      "dev": true,
      "license": "Apache-2.0",
      "bin": {
        "tsc": "bin/tsc",
        "tsserver": "bin/tsserver"
      },
      "engines": {
        "node": ">=14.17"
      }
    },
    "node_modules/undici-types": {
      "version": "6.21.0",
      "resolved": "https://registry.npmjs.org/undici-types/-/undici-types-6.21.0.tgz",
      "integrity": "sha512-iwDZqg0QAGrg9Rav5H4n0M64c3mkR59cJ6wQp+7C4nI0gsmExaedaYLNO44eT4AtBBwjbTiGPMlt2Md0T9H9JQ==",
      "dev": true,
      "license": "MIT"
    }
  }
}
