{
  "name": "rocq-graph",
  "version": "0.0.1",
  "lockfileVersion": 3,
  "requires": true,
  "packages": {
    "": {
      "name": "rocq-graph",
      "version": "0.0.1",
      "dependencies": {
        "frogql": "latest"
      },
      "devDependencies": {
        "@types/node": "^20.11.0",
        "@types/vscode": "^1.85.0",
        "typescript": "^5.4.0"
      },
      "engines": {
        "vscode": "^1.85.0"
      }
    },
    "node_modules/@types/node": {
      "version": "20.19.41",
      "resolved": "https://registry.npmjs.org/@types/node/-/node-20.19.41.tgz",
      "integrity": "sha512-ECymXOukMnOoVkC2bb1Vc/w/836DXncOg5m8Xj1RH7xSHZJWNYY6Zh7EH477vcnD5egKNNfy2RpNOmuChhFPgQ==",
      "dev": true,
      "license": "MIT",
      "dependencies": {
        "undici-types": "~6.21.0"
      }
    },
    "node_modules/@types/vscode": {
      "version": "1.120.0",
      "resolved": "https://registry.npmjs.org/@types/vscode/-/vscode-1.120.0.tgz",
      "integrity": "sha512-feaT4Rst+FkTch5zz/ZbNCxoIvo55YU80Be2kiL7OJcod4+CUYf2lUBPdIJzozNnSEMq1VRTGrWEcCGFB3fBmA==",
      "dev": true,
      "license": "MIT"
    },
    "node_modules/frogql": {
      "version": "0.2.3",
      "resolved": "https://registry.npmjs.org/frogql/-/frogql-0.2.3.tgz",
      "integrity": "sha512-HkNRdXB8vTnNTlTV35nLaHjWleWMzz1hnJXc85kCtpaLy09Wz9z8grAwpMWTbfMwPKmL/dAGZpZJYjA5mMpwsA==",
      "license": "MIT",
      "engines": {
        "node": ">= 16"
      },
      "optionalDependencies": {
        "frogql-darwin-arm64": "0.2.3",
        "frogql-darwin-x64": "0.2.3",
        "frogql-linux-arm64-gnu": "0.2.3",
        "frogql-linux-x64-gnu": "0.2.3",
        "frogql-win32-x64-msvc": "0.2.3"
      }
    },
    "node_modules/frogql-darwin-arm64": {
      "version": "0.2.3",
      "resolved": "https://registry.npmjs.org/frogql-darwin-arm64/-/frogql-darwin-arm64-0.2.3.tgz",
      "integrity": "sha512-3du9GGs3aaOQ8MbdgWLKvnf/oIIUjdPx3IotdIHvvK1Xw/O70Wz75HFKAs0aspdje8OhnwK+9gbgHKVONy/XTw==",
      "cpu": [
        "arm64"
      ],
      "license": "MIT",
      "optional": true,
      "os": [
        "darwin"
      ],
      "engines": {
        "node": ">= 16"
      }
    },
    "node_modules/frogql-darwin-x64": {
      "version": "0.2.3",
      "resolved": "https://registry.npmjs.org/frogql-darwin-x64/-/frogql-darwin-x64-0.2.3.tgz",
      "integrity": "sha512-g3WTNth3oeqI4OXQ4BZ+QMmpRlX0xR/xMfhJT2u7lnB1DV8Ag9noRAMU3oEV2RVcjnevhNV9qziGLDEfFB5aPg==",
      "cpu": [
        "x64"
      ],
      "license": "MIT",
      "optional": true,
      "os": [
        "darwin"
      ],
      "engines": {
        "node": ">= 16"
      }
    },
    "node_modules/frogql-linux-arm64-gnu": {
      "version": "0.2.3",
      "resolved": "https://registry.npmjs.org/frogql-linux-arm64-gnu/-/frogql-linux-arm64-gnu-0.2.3.tgz",
      "integrity": "sha512-XtqS8pZ5nsvPuWt7kQ/WshEjPnsw0Sc3Nm/tdzo4hx5R5PdryZT+NrOH2bHCLV4kI9Lrcy6YB8YDFggIiXnZcg==",
      "cpu": [
        "arm64"
      ],
      "license": "MIT",
      "optional": true,
      "os": [
        "linux"
      ],
      "engines": {
        "node": ">= 16"
      }
    },
    "node_modules/frogql-linux-x64-gnu": {
      "version": "0.2.3",
      "resolved": "https://registry.npmjs.org/frogql-linux-x64-gnu/-/frogql-linux-x64-gnu-0.2.3.tgz",
      "integrity": "sha512-o5V6PZBSSHm4Pdg6X3mRPUhbW2lR8z1PgmYJm2tPVg+IHP1az9j9MBYdvvCniQ+z7wYwTaJSlKb9uSXJhIONKw==",
      "cpu": [
        "x64"
      ],
      "license": "MIT",
      "optional": true,
      "os": [
        "linux"
      ],
      "engines": {
        "node": ">= 16"
      }
    },
    "node_modules/frogql-win32-x64-msvc": {
      "version": "0.2.3",
      "resolved": "https://registry.npmjs.org/frogql-win32-x64-msvc/-/frogql-win32-x64-msvc-0.2.3.tgz",
      "integrity": "sha512-1IDMHQoqX+Fej7qq5wmYFW1D2nPR6nE8uNJhSZ/joZpXomfjxZwFb2DQHY+tMu54Y2xDGPfqxosaghkTS3c31Q==",
      "cpu": [
        "x64"
      ],
      "license": "MIT",
      "optional": true,
      "os": [
        "win32"
      ],
      "engines": {
        "node": ">= 16"
      }
    },
    "node_modules/typescript": {
      "version": "5.9.3",
      "resolved": "https://registry.npmjs.org/typescript/-/typescript-5.9.3.tgz",
      "integrity": "sha512-jl1vZzPDinLr9eUt3J/t7V6FgNEw9QjvBPdysz9KfQDD41fQrC2Y4vKQdiaUpFT4bXlb1RHhLpp8wtm6M5TgSw==",
      "dev": true,
      "license": "Apache-2.0",
      "bin": {
        "tsc": "bin/tsc",
        "tsserver": "bin/tsserver"
      },
      "engines": {
        "node": ">=14.17"
      }
    },
    "node_modules/undici-types": {
      "version": "6.21.0",
      "resolved": "https://registry.npmjs.org/undici-types/-/undici-types-6.21.0.tgz",
      "integrity": "sha512-iwDZqg0QAGrg9Rav5H4n0M64c3mkR59cJ6wQp+7C4nI0gsmExaedaYLNO44eT4AtBBwjbTiGPMlt2Md0T9H9JQ==",
      "dev": true,
      "license": "MIT"
    }
  }
}
